// !$*UTF8*$!
{
	archiveVersion = 1;
	classes = {
	};
	objectVersion = 46;
	objects = {

/* Begin PBXBuildFile section */
		FD5C083B1AA9B40A0014AB25 /* AppDelegate.swift in Sources */ = {isa = PBXBuildFile; fileRef = FD5C083A1AA9B40A0014AB25 /* AppDelegate.swift */; };
		FD5C083D1AA9B40A0014AB25 /* ViewController.swift in Sources */ = {isa = PBXBuildFile; fileRef = FD5C083C1AA9B40A0014AB25 /* ViewController.swift */; };
		FD5C08401AA9B40A0014AB25 /* Main.storyboard in Resources */ = {isa = PBXBuildFile; fileRef = FD5C083E1AA9B40A0014AB25 /* Main.storyboard */; };
		FD5C08421AA9B40A0014AB25 /* Images.xcassets in Resources */ = {isa = PBXBuildFile; fileRef = FD5C08411AA9B40A0014AB25 /* Images.xcassets */; };
		FD5C08451AA9B40A0014AB25 /* LaunchScreen.xib in Resources */ = {isa = PBXBuildFile; fileRef = FD5C08431AA9B40A0014AB25 /* LaunchScreen.xib */; };
		FD5C08511AA9B40A0014AB25 /* segueW8Tests.swift in Sources */ = {isa = PBXBuildFile; fileRef = FD5C08501AA9B40A0014AB25 /* segueW8Tests.swift */; };
		FD5C085B1AA9B5520014AB25 /* ColorTwoViewController.swift in Sources */ = {isa = PBXBuildFile; fileRef = FD5C085A1AA9B5520014AB25 /* ColorTwoViewController.swift */; };
/* End PBXBuildFile section */

/* Begin PBXContainerItemProxy section */
		FD5C084B1AA9B40A0014AB25 /* PBXContainerItemProxy */ = {
			isa = PBXContainerItemProxy;
			containerPortal = FD5C082D1AA9B40A0014AB25 /* Project object */;
			proxyType = 1;
			remoteGlobalIDString = FD5C08341AA9B40A0014AB25;
			remoteInfo = segueW8;
		};
/* End PBXContainerItemProxy section */

/* Begin PBXFileReference section */
		FD5C08351AA9B40A0014AB25 /* segueW8.app */ = {isa = PBXFileReference; explicitFileType = wrapper.application; includeInIndex = 0; path = segueW8.app; sourceTree = BUILT_PRODUCTS_DIR; };
		FD5C08391AA9B40A0014AB25 /* Info.plist */ = {isa = PBXFileReference; lastKnownFileType = text.plist.xml; path = Info.plist; sourceTree = "<group>"; };
		FD5C083A1AA9B40A0014AB25 /* AppDelegate.swift */ = {isa = PBXFileReference; lastKnownFileType = sourcecode.swift; path = AppDelegate.swift; sourceTree = "<group>"; };
		FD5C083C1AA9B40A0014AB25 /* ViewController.swift */ = {isa = PBXFileReference; lastKnownFileType = sourcecode.swift; path = ViewController.swift; sourceTree = "<group>"; };
		FD5C083F1AA9B40A0014AB25 /* Base */ = {isa = PBXFileReference; lastKnownFileType = file.storyboard; name = Base; path = Base.lproj/Main.storyboard; sourceTree = "<group>"; };
		FD5C08411AA9B40A0014AB25 /* Images.xcassets */ = {isa = PBXFileReference; lastKnownFileType = folder.assetcatalog; path = Images.xcassets; sourceTree = "<group>"; };
		FD5C08441AA9B40A0014AB25 /* Base */ = {isa = PBXFileReference; lastKnownFileType = file.xib; name = Base; path = Base.lproj/LaunchScreen.xib; sourceTree = "<group>"; };
		FD5C084A1AA9B40A0014AB25 /* segueW8Tests.xctest */ = {isa = PBXFileReference; explicitFileType = wrapper.cfbundle; includeInIndex = 0; path = segueW8Tests.xctest; sourceTree = BUILT_PRODUCTS_DIR; };
		FD5C084F1AA9B40A0014AB25 /* Info.plist */ = {isa = PBXFileReference; lastKnownFileType = text.plist.xml; path = Info.plist; sourceTree = "<group>"; };
		FD5C08501AA9B40A0014AB25 /* segueW8Tests.swift */ = {isa = PBXFileReference; lastKnownFileType = sourcecode.swift; path = segueW8Tests.swift; sourceTree = "<group>"; };
		FD5C085A1AA9B5520014AB25 /* ColorTwoViewController.swift */ = {isa = PBXFileReference; fileEncoding = 4; lastKnownFileType = sourcecode.swift; path = ColorTwoViewController.swift; sourceTree = "<group>"; };
/* End PBXFileReference section */

/* Begin PBXFrameworksBuildPhase section */
		FD5C08321AA9B40A0014AB25 /* Frameworks */ = {
			isa = PBXFrameworksBuildPhase;
			buildActionMask = 2147483647;
			files = (
			);
			runOnlyForDeploymentPostprocessing = 0;
		};
		FD5C08471AA9B40A0014AB25 /* Frameworks */ = {
			isa = PBXFrameworksBuildPhase;
			buildActionMask = 2147483647;
			files = (
			);
			runOnlyForDeploymentPostprocessing = 0;
		};
/* End PBXFrameworksBuildPhase section */

/* Begin PBXGroup section */
		FD5C082C1AA9B40A0014AB25 = {
			isa = PBXGroup;
			children = (
				FD5C08371AA9B40A0014AB25 /* segueW8 */,
				FD5C084D1AA9B40A0014AB25 /* segueW8Tests */,
				FD5C08361AA9B40A0014AB25 /* Products */,
			);
			sourceTree = "<group>";
		};
		FD5C08361AA9B40A0014AB25 /* Products */ = {
			isa = PBXGroup;
			children = (
				FD5C08351AA9B40A0014AB25 /* segueW8.app */,
				FD5C084A1AA9B40A0014AB25 /* segueW8Tests.xctest */,
			);
			name = Products;
			sourceTree = "<group>";
		};
		FD5C08371AA9B40A0014AB25 /* segueW8 */ = {
			isa = PBXGroup;
			children = (
				FD5C083A1AA9B40A0014AB25 /* AppDelegate.swift */,
				FD5C083C1AA9B40A0014AB25 /* ViewController.swift */,
				FD5C083E1AA9B40A0014AB25 /* Main.storyboard */,
				FD5C085A1AA9B5520014AB25 /* ColorTwoViewController.swift */,
				FD5C08411AA9B40A0014AB25 /* Images.xcassets */,
				FD5C08431AA9B40A0014AB25 /* LaunchScreen.xib */,
				FD5C08381AA9B40A0014AB25 /* Supporting Files */,
			);
			path = segueW8;
			sourceTree = "<group>";
		};
		FD5C08381AA9B40A0014AB25 /* Supporting Files */ = {
			isa = PBXGroup;
			children = (
				FD5C08391AA9B40A0014AB25 /* Info.plist */,
			);
			name = "Supporting Files";
			sourceTree = "<group>";
		};
		FD5C084D1AA9B40A0014AB25 /* segueW8Tests */ = {
			isa = PBXGroup;
			children = (
				FD5C08501AA9B40A0014AB25 /* segueW8Tests.swift */,
				FD5C084E1AA9B40A0014AB25 /* Supporting Files */,
			);
			path = segueW8Tests;
			sourceTree = "<group>";
		};
		FD5C084E1AA9B40A0014AB25 /* Supporting Files */ = {
			isa = PBXGroup;
			children = (
				FD5C084F1AA9B40A0014AB25 /* Info.plist */,
			);
			name = "Supporting Files";
			sourceTree = "<group>";
		};
/* End PBXGroup section */

/* Begin PBXNativeTarget section */
		FD5C08341AA9B40A0014AB25 /* segueW8 */ = {
			isa = PBXNativeTarget;
			buildConfigurationList = FD5C08541AA9B40A0014AB25 /* Build configuration list for PBXNativeTarget "segueW8" */;
			buildPhases = (
				FD5C08311AA9B40A0014AB25 /* Sources */,
				FD5C08321AA9B40A0014AB25 /* Frameworks */,
				FD5C08331AA9B40A0014AB25 /* Resources */,
			);
			buildRules = (
			);
			dependencies = (
			);
			name = segueW8;
			productName = segueW8;
			productReference = FD5C08351AA9B40A0014AB25 /* segueW8.app */;
			productType = "com.apple.product-type.application";
		};
		FD5C08491AA9B40A0014AB25 /* segueW8Tests */ = {
			isa = PBXNativeTarget;
			buildConfigurationList = FD5C08571AA9B40A0014AB25 /* Build configuration list for PBXNativeTarget "segueW8Tests" */;
			buildPhases = (
				FD5C08461AA9B40A0014AB25 /* Sources */,
				FD5C08471AA9B40A0014AB25 /* Frameworks */,
				FD5C08481AA9B40A0014AB25 /* Resources */,
			);
			buildRules = (
			);
			dependencies = (
				FD5C084C1AA9B40A0014AB25 /* PBXTargetDependency */,
			);
			name = segueW8Tests;
			productName = segueW8Tests;
			productReference = FD5C084A1AA9B40A0014AB25 /* segueW8Tests.xctest */;
			productType = "com.apple.product-type.bundle.unit-test";
		};
/* End PBXNativeTarget section */

/* Begin PBXProject section */
		FD5C082D1AA9B40A0014AB25 /* Project object */ = {
			isa = PBXProject;
			attributes = {
				LastUpgradeCheck = 0600;
				ORGANIZATIONNAME = iStudents;
				TargetAttributes = {
					FD5C08341AA9B40A0014AB25 = {
						CreatedOnToolsVersion = 6.0;
					};
					FD5C08491AA9B40A0014AB25 = {
						CreatedOnToolsVersion = 6.0;
						TestTargetID = FD5C08341AA9B40A0014AB25;
					};
				};
			};
			buildConfigurationList = FD5C08301AA9B40A0014AB25 /* Build configuration list for PBXProject "segueW8" */;
			compatibilityVersion = "Xcode 3.2";
			developmentRegion = English;
			hasScannedForEncodings = 0;
			knownRegions = (
				en,
				Base,
			);
			mainGroup = FD5C082C1AA9B40A0014AB25;
			productRefGroup = FD5C08361AA9B40A0014AB25 /* Products */;
			projectDirPath = "";
			projectRoot = "";
			targets = (
				FD5C08341AA9B40A0014AB25 /* segueW8 */,
				FD5C08491AA9B40A0014AB25 /* segueW8Tests */,
			);
		};
/* End PBXProject section */

/* Begin PBXResourcesBuildPhase section */
		FD5C08331AA9B40A0014AB25 /* Resources */ = {
			isa = PBXResourcesBuildPhase;
			buildActionMask = 2147483647;
			files = (
				FD5C08401AA9B40A0014AB25 /* Main.storyboard in Resources */,
				FD5C08451AA9B40A0014AB25 /* LaunchScreen.xib in Resources */,
				FD5C08421AA9B40A0014AB25 /* Images.xcassets in Resources */,
			);
			runOnlyForDeploymentPostprocessing = 0;
		};
		FD5C08481AA9B40A0014AB25 /* Resources */ = {
			isa = PBXResourcesBuildPhase;
			buildActionMask = 2147483647;
			files = (
			);
			runOnlyForDeploymentPostprocessing = 0;
		};
/* End PBXResourcesBuildPhase section */

/* Begin PBXSourcesBuildPhase section */
		FD5C08311AA9B40A0014AB25 /* Sources */ = {
			isa = PBXSourcesBuildPhase;
			buildActionMask = 2147483647;
			files = (
				FD5C083D1AA9B40A0014AB25 /* ViewController.swift in Sources */,
				FD5C083B1AA9B40A0014AB25 /* AppDelegate.swift in Sources */,
				FD5C085B1AA9B5520014AB25 /* ColorTwoViewController.swift in Sources */,
			);
			runOnlyForDeploymentPostprocessing = 0;
		};
		FD5C08461AA9B40A0014AB25 /* Sources */ = {
			isa = PBXSourcesBuildPhase;
			buildActionMask = 2147483647;
			files = (
				FD5C08511AA9B40A0014AB25 /* segueW8Tests.swift in Sources */,
			);
			runOnlyForDeploymentPostprocessing = 0;
		};
/* End PBXSourcesBuildPhase section */

/* Begin PBXTargetDependency section */
		FD5C084C1AA9B40A0014AB25 /* PBXTargetDependency */ = {
			isa = PBXTargetDependency;
			target = FD5C08341AA9B40A0014AB25 /* segueW8 */;
			targetProxy = FD5C084B1AA9B40A0014AB25 /* PBXContainerItemProxy */;
		};
/* End PBXTargetDependency section */

/* Begin PBXVariantGroup section */
		FD5C083E1AA9B40A0014AB25 /* Main.storyboard */ = {
			isa = PBXVariantGroup;
			children = (
				FD5C083F1AA9B40A0014AB25 /* Base */,
			);
			name = Main.storyboard;
			sourceTree = "<group>";
		};
		FD5C08431AA9B40A0014AB25 /* LaunchScreen.xib */ = {
			isa = PBXVariantGroup;
			children = (
				FD5C08441AA9B40A0014AB25 /* Base */,
			);
			name = LaunchScreen.xib;
			sourceTree = "<group>";
		};
/* End PBXVariantGroup section */

/* Begin XCBuildConfiguration section */
		FD5C08521AA9B40A0014AB25 /* Debug */ = {
			isa = XCBuildConfiguration;
			buildSettings = {
				ALWAYS_SEARCH_USER_PATHS = NO;
				CLANG_CXX_LANGUAGE_STANDARD = "gnu++0x";
				CLANG_CXX_LIBRARY = "libc++";
				CLANG_ENABLE_MODULES = YES;
				CLANG_ENABLE_OBJC_ARC = YES;
				CLANG_WARN_BOOL_CONVERSION = YES;
				CLANG_WARN_CONSTANT_CONVERSION = YES;
				CLANG_WARN_DIRECT_OBJC_ISA_USAGE = YES_ERROR;
				CLANG_WARN_EMPTY_BODY = YES;
				CLANG_WARN_ENUM_CONVERSION = YES;
				CLANG_WARN_INT_CONVERSION = YES;
				CLANG_WARN_OBJC_ROOT_CLASS = YES_ERROR;
				CLANG_WARN_UNREACHABLE_CODE = YES;
				CLANG_WARN__DUPLICATE_METHOD_MATCH = YES;
				"CODE_SIGN_IDENTITY[sdk=iphoneos*]" = "iPhone Developer";
				COPY_PHASE_STRIP = NO;
				ENABLE_STRICT_OBJC_MSGSEND = YES;
				GCC_C_LANGUAGE_STANDARD = gnu99;
				GCC_DYNAMIC_NO_PIC = NO;
				GCC_OPTIMIZATION_LEVEL = 0;
				GCC_PREPROCESSOR_DEFINITIONS = (
					"DEBUG=1",
					"$(inherited)",
				);
				GCC_SYMBOLS_PRIVATE_EXTERN = NO;
				GCC_WARN_64_TO_32_BIT_CONVERSION = YES;
				GCC_WARN_ABOUT_RETURN_TYPE = YES_ERROR;
				GCC_WARN_UNDECLARED_SELECTOR = YES;
				GCC_WARN_UNINITIALIZED_AUTOS = YES_AGGRESSIVE;
				GCC_WARN_UNUSED_FUNCTION = YES;
				GCC_WARN_UNUSED_VARIABLE = YES;
				IPHONEOS_DEPLOYMENT_TARGET = 8.0;
				MTL_ENABLE_DEBUG_INFO = YES;
				ONLY_ACTIVE_ARCH = YES;
				SDKROOT = iphoneos;
				SWIFT_OPTIMIZATION_LEVEL = "-Onone";
			};
			name = Debug;
		};
		FD5C08531AA9B40A0014AB25 /* Release */ = {
			isa = XCBuildConfiguration;
			buildSettings = {
				ALWAYS_SEARCH_USER_PATHS = NO;
				CLANG_CXX_LANGUAGE_STANDARD = "gnu++0x";
				CLANG_CXX_LIBRARY = "libc++";
				CLANG_ENABLE_MODULES = YES;
				CLANG_ENABLE_OBJC_ARC = YES;
				CLANG_WARN_BOOL_CONVERSION = YES;
				CLANG_WARN_CONSTANT_CONVERSION = YES;
				CLANG_WARN_DIRECT_OBJC_ISA_USAGE = YES_ERROR;
				CLANG_WARN_EMPTY_BODY = YES;
				CLANG_WARN_ENUM_CONVERSION = YES;
				CLANG_WARN_INT_CONVERSION = YES;
				CLANG_WARN_OBJC_ROOT_CLASS = YES_ERROR;
				CLANG_WARN_UNREACHABLE_CODE = YES;
				CLANG_WARN__DUPLICATE_METHOD_MATCH = YES;
				"CODE_SIGN_IDENTITY[sdk=iphoneos*]" = "iPhone Developer";
				COPY_PHASE_STRIP = YES;
				ENABLE_NS_ASSERTIONS = NO;
				ENABLE_STRICT_OBJC_MSGSEND = YES;
				GCC_C_LANGUAGE_STANDARD = gnu99;
				GCC_WARN_64_TO_32_BIT_CONVERSION = YES;
				GCC_WARN_ABOUT_RETURN_TYPE = YES_ERROR;
				GCC_WARN_UNDECLARED_SELECTOR = YES;
				GCC_WARN_UNINITIALIZED_AUTOS = YES_AGGRESSIVE;
				GCC_WARN_UNUSED_FUNCTION = YES;
				GCC_WARN_UNUSED_VARIABLE = YES;
				IPHONEOS_DEPLOYMENT_TARGET = 8.0;
				MTL_ENABLE_DEBUG_INFO = NO;
				SDKROOT = iphoneos;
				VALIDATE_PRODUCT = YES;
			};
			name = Release;
		};
		FD5C08551AA9B40A0014AB25 /* Debug */ = {
			isa = XCBuildConfiguration;
			buildSettings = {
				ASSETCATALOG_COMPILER_APPICON_NAME = AppIcon;
				INFOPLIST_FILE = segueW8/Info.plist;
				LD_RUNPATH_SEARCH_PATHS = "$(inherited) @executable_path/Frameworks";
				PRODUCT_NAME = "$(TARGET_NAME)";
			};
			name = Debug;
		};
		FD5C08561AA9B40A0014AB25 /* Release */ = {
			isa = XCBuildConfiguration;
			buildSettings = {
				ASSETCATALOG_COMPILER_APPICON_NAME = AppIcon;
				INFOPLIST_FILE = segueW8/Info.plist;
				LD_RUNPATH_SEARCH_PATHS = "$(inherited) @executable_path/Frameworks";
				PRODUCT_NAME = "$(TARGET_NAME)";
			};
			name = Release;
		};
		FD5C08581AA9B40A0014AB25 /* Debug */ = {
			isa = XCBuildConfiguration;
			buildSettings = {
				BUNDLE_LOADER = "$(TEST_HOST)";
				FRAMEWORK_SEARCH_PATHS = (
					"$(SDKROOT)/Developer/Library/Frameworks",
					"$(inherited)",
				);
				GCC_PREPROCESSOR_DEFINITIONS = (
					"DEBUG=1",
					"$(inherited)",
				);
				INFOPLIST_FILE = segueW8Tests/Info.plist;
				LD_RUNPATH_SEARCH_PATHS = "$(inherited) @executable_path/Frameworks @loader_path/Frameworks";
				PRODUCT_NAME = "$(TARGET_NAME)";
				TEST_HOST = "$(BUILT_PRODUCTS_DIR)/segueW8.app/segueW8";
			};
			name = Debug;
		};
		FD5C08591AA9B40A0014AB25 /* Release */ = {
			isa = XCBuildConfiguration;
			buildSettings = {
				BUNDLE_LOADER = "$(TEST_HOST)";
				FRAMEWORK_SEARCH_PATHS = (
					"$(SDKROOT)/Developer/Library/Frameworks",
					"$(inherited)",
				);
				INFOPLIST_FILE = segueW8Tests/Info.plist;
				LD_RUNPATH_SEARCH_PATHS = "$(inherited) @executable_path/Frameworks @loader_path/Frameworks";
				PRODUCT_NAME = "$(TARGET_NAME)";
				TEST_HOST = "$(BUILT_PRODUCTS_DIR)/segueW8.app/segueW8";
			};
			name = Release;
		};
/* End XCBuildConfiguration section */

/* Begin XCConfigurationList section */
		FD5C08301AA9B40A0014AB25 /* Build configuration list for PBXProject "segueW8" */ = {
			isa = XCConfigurationList;
			buildConfigurations = (
				FD5C08521AA9B40A0014AB25 /* Debug */,
				FD5C08531AA9B40A0014AB25 /* Release */,
			);
			defaultConfigurationIsVisible = 0;
			defaultConfigurationName = Release;
		};
		FD5C08541AA9B40A0014AB25 /* Build configuration list for PBXNativeTarget "segueW8" */ = {
			isa = XCConfigurationList;
			buildConfigurations = (
				FD5C08551AA9B40A0014AB25 /* Debug */,
				FD5C08561AA9B40A0014AB25 /* Release */,
			);
			defaultConfigurationIsVisible = 0;
		};
		FD5C08571AA9B40A0014AB25 /* Build configuration list for PBXNativeTarget "segueW8Tests" */ = {
			isa = XCConfigurationList;
			buildConfigurations = (
				FD5C08581AA9B40A0014AB25 /* Debug */,
				FD5C08591AA9B40A0014AB25 /* Release */,
			);
			defaultConfigurationIsVisible = 0;
		};
/* End XCConfigurationList section */
	};
	rootObject = FD5C082D1AA9B40A0014AB25 /* Project object */;
}
