// !$*UTF8*$!
{
	archiveVersion = 1;
	classes = {
	};
	objectVersion = 46;
	objects = {

/* Begin PBXBuildFile section */
		FD5CFE791AB2B789009E5242 /* AppDelegate.swift in Sources */ = {isa = PBXBuildFile; fileRef = FD5CFE781AB2B789009E5242 /* AppDelegate.swift */; };
		FD5CFE7B1AB2B789009E5242 /* ViewController.swift in Sources */ = {isa = PBXBuildFile; fileRef = FD5CFE7A1AB2B789009E5242 /* ViewController.swift */; };
		FD5CFE7E1AB2B789009E5242 /* Main.storyboard in Resources */ = {isa = PBXBuildFile; fileRef = FD5CFE7C1AB2B789009E5242 /* Main.storyboard */; };
		FD5CFE801AB2B789009E5242 /* Images.xcassets in Resources */ = {isa = PBXBuildFile; fileRef = FD5CFE7F1AB2B789009E5242 /* Images.xcassets */; };
		FD5CFE831AB2B789009E5242 /* LaunchScreen.xib in Resources */ = {isa = PBXBuildFile; fileRef = FD5CFE811AB2B789009E5242 /* LaunchScreen.xib */; };
		FD5CFE8F1AB2B789009E5242 /* Exam1_54011212151Tests.swift in Sources */ = {isa = PBXBuildFile; fileRef = FD5CFE8E1AB2B789009E5242 /* Exam1_54011212151Tests.swift */; };
/* End PBXBuildFile section */

/* Begin PBXContainerItemProxy section */
		FD5CFE891AB2B789009E5242 /* PBXContainerItemProxy */ = {
			isa = PBXContainerItemProxy;
			containerPortal = FD5CFE6B1AB2B789009E5242 /* Project object */;
			proxyType = 1;
			remoteGlobalIDString = FD5CFE721AB2B789009E5242;
			remoteInfo = Exam1_54011212151;
		};
/* End PBXContainerItemProxy section */

/* Begin PBXFileReference section */
		FD5CFE731AB2B789009E5242 /* Exam1_54011212151.app */ = {isa = PBXFileReference; explicitFileType = wrapper.application; includeInIndex = 0; path = Exam1_54011212151.app; sourceTree = BUILT_PRODUCTS_DIR; };
		FD5CFE771AB2B789009E5242 /* Info.plist */ = {isa = PBXFileReference; lastKnownFileType = text.plist.xml; path = Info.plist; sourceTree = "<group>"; };
		FD5CFE781AB2B789009E5242 /* AppDelegate.swift */ = {isa = PBXFileReference; lastKnownFileType = sourcecode.swift; path = AppDelegate.swift; sourceTree = "<group>"; };
		FD5CFE7A1AB2B789009E5242 /* ViewController.swift */ = {isa = PBXFileReference; lastKnownFileType = sourcecode.swift; path = ViewController.swift; sourceTree = "<group>"; };
		FD5CFE7D1AB2B789009E5242 /* Base */ = {isa = PBXFileReference; lastKnownFileType = file.storyboard; name = Base; path = Base.lproj/Main.storyboard; sourceTree = "<group>"; };
		FD5CFE7F1AB2B789009E5242 /* Images.xcassets */ = {isa = PBXFileReference; lastKnownFileType = folder.assetcatalog; path = Images.xcassets; sourceTree = "<group>"; };
		FD5CFE821AB2B789009E5242 /* Base */ = {isa = PBXFileReference; lastKnownFileType = file.xib; name = Base; path = Base.lproj/LaunchScreen.xib; sourceTree = "<group>"; };
		FD5CFE881AB2B789009E5242 /* Exam1_54011212151Tests.xctest */ = {isa = PBXFileReference; explicitFileType = wrapper.cfbundle; includeInIndex = 0; path = Exam1_54011212151Tests.xctest; sourceTree = BUILT_PRODUCTS_DIR; };
		FD5CFE8D1AB2B789009E5242 /* Info.plist */ = {isa = PBXFileReference; lastKnownFileType = text.plist.xml; path = Info.plist; sourceTree = "<group>"; };
		FD5CFE8E1AB2B789009E5242 /* Exam1_54011212151Tests.swift */ = {isa = PBXFileReference; lastKnownFileType = sourcecode.swift; path = Exam1_54011212151Tests.swift; sourceTree = "<group>"; };
/* End PBXFileReference section */

/* Begin PBXFrameworksBuildPhase section */
		FD5CFE701AB2B789009E5242 /* Frameworks */ = {
			isa = PBXFrameworksBuildPhase;
			buildActionMask = 2147483647;
			files = (
			);
			runOnlyForDeploymentPostprocessing = 0;
		};
		FD5CFE851AB2B789009E5242 /* Frameworks */ = {
			isa = PBXFrameworksBuildPhase;
			buildActionMask = 2147483647;
			files = (
			);
			runOnlyForDeploymentPostprocessing = 0;
		};
/* End PBXFrameworksBuildPhase section */

/* Begin PBXGroup section */
		FD5CFE6A1AB2B789009E5242 = {
			isa = PBXGroup;
			children = (
				FD5CFE751AB2B789009E5242 /* Exam1_54011212151 */,
				FD5CFE8B1AB2B789009E5242 /* Exam1_54011212151Tests */,
				FD5CFE741AB2B789009E5242 /* Products */,
			);
			sourceTree = "<group>";
		};
		FD5CFE741AB2B789009E5242 /* Products */ = {
			isa = PBXGroup;
			children = (
				FD5CFE731AB2B789009E5242 /* Exam1_54011212151.app */,
				FD5CFE881AB2B789009E5242 /* Exam1_54011212151Tests.xctest */,
			);
			name = Products;
			sourceTree = "<group>";
		};
		FD5CFE751AB2B789009E5242 /* Exam1_54011212151 */ = {
			isa = PBXGroup;
			children = (
				FD5CFE781AB2B789009E5242 /* AppDelegate.swift */,
				FD5CFE7A1AB2B789009E5242 /* ViewController.swift */,
				FD5CFE7C1AB2B789009E5242 /* Main.storyboard */,
				FD5CFE7F1AB2B789009E5242 /* Images.xcassets */,
				FD5CFE811AB2B789009E5242 /* LaunchScreen.xib */,
				FD5CFE761AB2B789009E5242 /* Supporting Files */,
			);
			path = Exam1_54011212151;
			sourceTree = "<group>";
		};
		FD5CFE761AB2B789009E5242 /* Supporting Files */ = {
			isa = PBXGroup;
			children = (
				FD5CFE771AB2B789009E5242 /* Info.plist */,
			);
			name = "Supporting Files";
			sourceTree = "<group>";
		};
		FD5CFE8B1AB2B789009E5242 /* Exam1_54011212151Tests */ = {
			isa = PBXGroup;
			children = (
				FD5CFE8E1AB2B789009E5242 /* Exam1_54011212151Tests.swift */,
				FD5CFE8C1AB2B789009E5242 /* Supporting Files */,
			);
			path = Exam1_54011212151Tests;
			sourceTree = "<group>";
		};
		FD5CFE8C1AB2B789009E5242 /* Supporting Files */ = {
			isa = PBXGroup;
			children = (
				FD5CFE8D1AB2B789009E5242 /* Info.plist */,
			);
			name = "Supporting Files";
			sourceTree = "<group>";
		};
/* End PBXGroup section */

/* Begin PBXNativeTarget section */
		FD5CFE721AB2B789009E5242 /* Exam1_54011212151 */ = {
			isa = PBXNativeTarget;
			buildConfigurationList = FD5CFE921AB2B789009E5242 /* Build configuration list for PBXNativeTarget "Exam1_54011212151" */;
			buildPhases = (
				FD5CFE6F1AB2B789009E5242 /* Sources */,
				FD5CFE701AB2B789009E5242 /* Frameworks */,
				FD5CFE711AB2B789009E5242 /* Resources */,
			);
			buildRules = (
			);
			dependencies = (
			);
			name = Exam1_54011212151;
			productName = Exam1_54011212151;
			productReference = FD5CFE731AB2B789009E5242 /* Exam1_54011212151.app */;
			productType = "com.apple.product-type.application";
		};
		FD5CFE871AB2B789009E5242 /* Exam1_54011212151Tests */ = {
			isa = PBXNativeTarget;
			buildConfigurationList = FD5CFE951AB2B789009E5242 /* Build configuration list for PBXNativeTarget "Exam1_54011212151Tests" */;
			buildPhases = (
				FD5CFE841AB2B789009E5242 /* Sources */,
				FD5CFE851AB2B789009E5242 /* Frameworks */,
				FD5CFE861AB2B789009E5242 /* Resources */,
			);
			buildRules = (
			);
			dependencies = (
				FD5CFE8A1AB2B789009E5242 /* PBXTargetDependency */,
			);
			name = Exam1_54011212151Tests;
			productName = Exam1_54011212151Tests;
			productReference = FD5CFE881AB2B789009E5242 /* Exam1_54011212151Tests.xctest */;
			productType = "com.apple.product-type.bundle.unit-test";
		};
/* End PBXNativeTarget section */

/* Begin PBXProject section */
		FD5CFE6B1AB2B789009E5242 /* Project object */ = {
			isa = PBXProject;
			attributes = {
				LastUpgradeCheck = 0600;
				ORGANIZATIONNAME = iStudents;
				TargetAttributes = {
					FD5CFE721AB2B789009E5242 = {
						CreatedOnToolsVersion = 6.0;
					};
					FD5CFE871AB2B789009E5242 = {
						CreatedOnToolsVersion = 6.0;
						TestTargetID = FD5CFE721AB2B789009E5242;
					};
				};
			};
			buildConfigurationList = FD5CFE6E1AB2B789009E5242 /* Build configuration list for PBXProject "Exam1_54011212151" */;
			compatibilityVersion = "Xcode 3.2";
			developmentRegion = English;
			hasScannedForEncodings = 0;
			knownRegions = (
				en,
				Base,
			);
			mainGroup = FD5CFE6A1AB2B789009E5242;
			productRefGroup = FD5CFE741AB2B789009E5242 /* Products */;
			projectDirPath = "";
			projectRoot = "";
			targets = (
				FD5CFE721AB2B789009E5242 /* Exam1_54011212151 */,
				FD5CFE871AB2B789009E5242 /* Exam1_54011212151Tests */,
			);
		};
/* End PBXProject section */

/* Begin PBXResourcesBuildPhase section */
		FD5CFE711AB2B789009E5242 /* Resources */ = {
			isa = PBXResourcesBuildPhase;
			buildActionMask = 2147483647;
			files = (
				FD5CFE7E1AB2B789009E5242 /* Main.storyboard in Resources */,
				FD5CFE831AB2B789009E5242 /* LaunchScreen.xib in Resources */,
				FD5CFE801AB2B789009E5242 /* Images.xcassets in Resources */,
			);
			runOnlyForDeploymentPostprocessing = 0;
		};
		FD5CFE861AB2B789009E5242 /* Resources */ = {
			isa = PBXResourcesBuildPhase;
			buildActionMask = 2147483647;
			files = (
			);
			runOnlyForDeploymentPostprocessing = 0;
		};
/* End PBXResourcesBuildPhase section */

/* Begin PBXSourcesBuildPhase section */
		FD5CFE6F1AB2B789009E5242 /* Sources */ = {
			isa = PBXSourcesBuildPhase;
			buildActionMask = 2147483647;
			files = (
				FD5CFE7B1AB2B789009E5242 /* ViewController.swift in Sources */,
				FD5CFE791AB2B789009E5242 /* AppDelegate.swift in Sources */,
			);
			runOnlyForDeploymentPostprocessing = 0;
		};
		FD5CFE841AB2B789009E5242 /* Sources */ = {
			isa = PBXSourcesBuildPhase;
			buildActionMask = 2147483647;
			files = (
				FD5CFE8F1AB2B789009E5242 /* Exam1_54011212151Tests.swift in Sources */,
			);
			runOnlyForDeploymentPostprocessing = 0;
		};
/* End PBXSourcesBuildPhase section */

/* Begin PBXTargetDependency section */
		FD5CFE8A1AB2B789009E5242 /* PBXTargetDependency */ = {
			isa = PBXTargetDependency;
			target = FD5CFE721AB2B789009E5242 /* Exam1_54011212151 */;
			targetProxy = FD5CFE891AB2B789009E5242 /* PBXContainerItemProxy */;
		};
/* End PBXTargetDependency section */

/* Begin PBXVariantGroup section */
		FD5CFE7C1AB2B789009E5242 /* Main.storyboard */ = {
			isa = PBXVariantGroup;
			children = (
				FD5CFE7D1AB2B789009E5242 /* Base */,
			);
			name = Main.storyboard;
			sourceTree = "<group>";
		};
		FD5CFE811AB2B789009E5242 /* LaunchScreen.xib */ = {
			isa = PBXVariantGroup;
			children = (
				FD5CFE821AB2B789009E5242 /* Base */,
			);
			name = LaunchScreen.xib;
			sourceTree = "<group>";
		};
/* End PBXVariantGroup section */

/* Begin XCBuildConfiguration section */
		FD5CFE901AB2B789009E5242 /* Debug */ = {
			isa = XCBuildConfiguration;
			buildSettings = {
				ALWAYS_SEARCH_USER_PATHS = NO;
				CLANG_CXX_LANGUAGE_STANDARD = "gnu++0x";
				CLANG_CXX_LIBRARY = "libc++";
				CLANG_ENABLE_MODULES = YES;
				CLANG_ENABLE_OBJC_ARC = YES;
				CLANG_WARN_BOOL_CONVERSION = YES;
				CLANG_WARN_CONSTANT_CONVERSION = YES;
				CLANG_WARN_DIRECT_OBJC_ISA_USAGE = YES_ERROR;
				CLANG_WARN_EMPTY_BODY = YES;
				CLANG_WARN_ENUM_CONVERSION = YES;
				CLANG_WARN_INT_CONVERSION = YES;
				CLANG_WARN_OBJC_ROOT_CLASS = YES_ERROR;
				CLANG_WARN_UNREACHABLE_CODE = YES;
				CLANG_WARN__DUPLICATE_METHOD_MATCH = YES;
				"CODE_SIGN_IDENTITY[sdk=iphoneos*]" = "iPhone Developer";
				COPY_PHASE_STRIP = NO;
				ENABLE_STRICT_OBJC_MSGSEND = YES;
				GCC_C_LANGUAGE_STANDARD = gnu99;
				GCC_DYNAMIC_NO_PIC = NO;
				GCC_OPTIMIZATION_LEVEL = 0;
				GCC_PREPROCESSOR_DEFINITIONS = (
					"DEBUG=1",
					"$(inherited)",
				);
				GCC_SYMBOLS_PRIVATE_EXTERN = NO;
				GCC_WARN_64_TO_32_BIT_CONVERSION = YES;
				GCC_WARN_ABOUT_RETURN_TYPE = YES_ERROR;
				GCC_WARN_UNDECLARED_SELECTOR = YES;
				GCC_WARN_UNINITIALIZED_AUTOS = YES_AGGRESSIVE;
				GCC_WARN_UNUSED_FUNCTION = YES;
				GCC_WARN_UNUSED_VARIABLE = YES;
				IPHONEOS_DEPLOYMENT_TARGET = 8.0;
				MTL_ENABLE_DEBUG_INFO = YES;
				ONLY_ACTIVE_ARCH = YES;
				SDKROOT = iphoneos;
				SWIFT_OPTIMIZATION_LEVEL = "-Onone";
			};
			name = Debug;
		};
		FD5CFE911AB2B789009E5242 /* Release */ = {
			isa = XCBuildConfiguration;
			buildSettings = {
				ALWAYS_SEARCH_USER_PATHS = NO;
				CLANG_CXX_LANGUAGE_STANDARD = "gnu++0x";
				CLANG_CXX_LIBRARY = "libc++";
				CLANG_ENABLE_MODULES = YES;
				CLANG_ENABLE_OBJC_ARC = YES;
				CLANG_WARN_BOOL_CONVERSION = YES;
				CLANG_WARN_CONSTANT_CONVERSION = YES;
				CLANG_WARN_DIRECT_OBJC_ISA_USAGE = YES_ERROR;
				CLANG_WARN_EMPTY_BODY = YES;
				CLANG_WARN_ENUM_CONVERSION = YES;
				CLANG_WARN_INT_CONVERSION = YES;
				CLANG_WARN_OBJC_ROOT_CLASS = YES_ERROR;
				CLANG_WARN_UNREACHABLE_CODE = YES;
				CLANG_WARN__DUPLICATE_METHOD_MATCH = YES;
				"CODE_SIGN_IDENTITY[sdk=iphoneos*]" = "iPhone Developer";
				COPY_PHASE_STRIP = YES;
				ENABLE_NS_ASSERTIONS = NO;
				ENABLE_STRICT_OBJC_MSGSEND = YES;
				GCC_C_LANGUAGE_STANDARD = gnu99;
				GCC_WARN_64_TO_32_BIT_CONVERSION = YES;
				GCC_WARN_ABOUT_RETURN_TYPE = YES_ERROR;
				GCC_WARN_UNDECLARED_SELECTOR = YES;
				GCC_WARN_UNINITIALIZED_AUTOS = YES_AGGRESSIVE;
				GCC_WARN_UNUSED_FUNCTION = YES;
				GCC_WARN_UNUSED_VARIABLE = YES;
				IPHONEOS_DEPLOYMENT_TARGET = 8.0;
				MTL_ENABLE_DEBUG_INFO = NO;
				SDKROOT = iphoneos;
				VALIDATE_PRODUCT = YES;
			};
			name = Release;
		};
		FD5CFE931AB2B789009E5242 /* Debug */ = {
			isa = XCBuildConfiguration;
			buildSettings = {
				ASSETCATALOG_COMPILER_APPICON_NAME = AppIcon;
				INFOPLIST_FILE = Exam1_54011212151/Info.plist;
				LD_RUNPATH_SEARCH_PATHS = "$(inherited) @executable_path/Frameworks";
				PRODUCT_NAME = "$(TARGET_NAME)";
			};
			name = Debug;
		};
		FD5CFE941AB2B789009E5242 /* Release */ = {
			isa = XCBuildConfiguration;
			buildSettings = {
				ASSETCATALOG_COMPILER_APPICON_NAME = AppIcon;
				INFOPLIST_FILE = Exam1_54011212151/Info.plist;
				LD_RUNPATH_SEARCH_PATHS = "$(inherited) @executable_path/Frameworks";
				PRODUCT_NAME = "$(TARGET_NAME)";
			};
			name = Release;
		};
		FD5CFE961AB2B789009E5242 /* Debug */ = {
			isa = XCBuildConfiguration;
			buildSettings = {
				BUNDLE_LOADER = "$(TEST_HOST)";
				FRAMEWORK_SEARCH_PATHS = (
					"$(SDKROOT)/Developer/Library/Frameworks",
					"$(inherited)",
				);
				GCC_PREPROCESSOR_DEFINITIONS = (
					"DEBUG=1",
					"$(inherited)",
				);
				INFOPLIST_FILE = Exam1_54011212151Tests/Info.plist;
				LD_RUNPATH_SEARCH_PATHS = "$(inherited) @executable_path/Frameworks @loader_path/Frameworks";
				PRODUCT_NAME = "$(TARGET_NAME)";
				TEST_HOST = "$(BUILT_PRODUCTS_DIR)/Exam1_54011212151.app/Exam1_54011212151";
			};
			name = Debug;
		};
		FD5CFE971AB2B789009E5242 /* Release */ = {
			isa = XCBuildConfiguration;
			buildSettings = {
				BUNDLE_LOADER = "$(TEST_HOST)";
				FRAMEWORK_SEARCH_PATHS = (
					"$(SDKROOT)/Developer/Library/Frameworks",
					"$(inherited)",
				);
				INFOPLIST_FILE = Exam1_54011212151Tests/Info.plist;
				LD_RUNPATH_SEARCH_PATHS = "$(inherited) @executable_path/Frameworks @loader_path/Frameworks";
				PRODUCT_NAME = "$(TARGET_NAME)";
				TEST_HOST = "$(BUILT_PRODUCTS_DIR)/Exam1_54011212151.app/Exam1_54011212151";
			};
			name = Release;
		};
/* End XCBuildConfiguration section */

/* Begin XCConfigurationList section */
		FD5CFE6E1AB2B789009E5242 /* Build configuration list for PBXProject "Exam1_54011212151" */ = {
			isa = XCConfigurationList;
			buildConfigurations = (
				FD5CFE901AB2B789009E5242 /* Debug */,
				FD5CFE911AB2B789009E5242 /* Release */,
			);
			defaultConfigurationIsVisible = 0;
			defaultConfigurationName = Release;
		};
		FD5CFE921AB2B789009E5242 /* Build configuration list for PBXNativeTarget "Exam1_54011212151" */ = {
			isa = XCConfigurationList;
			buildConfigurations = (
				FD5CFE931AB2B789009E5242 /* Debug */,
				FD5CFE941AB2B789009E5242 /* Release */,
			);
			defaultConfigurationIsVisible = 0;
		};
		FD5CFE951AB2B789009E5242 /* Build configuration list for PBXNativeTarget "Exam1_54011212151Tests" */ = {
			isa = XCConfigurationList;
			buildConfigurations = (
				FD5CFE961AB2B789009E5242 /* Debug */,
				FD5CFE971AB2B789009E5242 /* Release */,
			);
			defaultConfigurationIsVisible = 0;
		};
/* End XCConfigurationList section */
	};
	rootObject = FD5CFE6B1AB2B789009E5242 /* Project object */;
}
